
Microsoft Visual Studio Solution File, Format Version 12.00
# Visual Studio Version 17
VisualStudioVersion = 17.14.36414.22 d17.14
MinimumVisualStudioVersion = 10.0.40219.1
Project("{FAE04EC0-301F-11D3-BF4B-00C04F79EFBC}") = "TimeTrackerInjector.UI", "TimeTrackerInjector.UI\TimeTrackerInjector.UI.csproj", "{5E6FDDBA-4CC2-48D2-9D8F-B2E282296CA5}"
EndProject
Global
	GlobalSection(SolutionConfigurationPlatforms) = preSolution
		Debug|Any CPU = Debug|Any CPU
		Release|Any CPU = Release|Any CPU
	EndGlobalSection
	GlobalSection(ProjectConfigurationPlatforms) = postSolution
		{5E6FDDBA-4CC2-48D2-9D8F-B2E282296CA5}.Debug|Any CPU.ActiveCfg = Debug|Any CPU
		{5E6FDDBA-4CC2-48D2-9D8F-B2E282296CA5}.Debug|Any CPU.Build.0 = Debug|Any CPU
		{5E6FDDBA-4CC2-48D2-9D8F-B2E282296CA5}.Release|Any CPU.ActiveCfg = Release|Any CPU
		{5E6FDDBA-4CC2-48D2-9D8F-B2E282296CA5}.Release|Any CPU.Build.0 = Release|Any CPU
	EndGlobalSection
	GlobalSection(SolutionProperties) = preSolution
		HideSolutionNode = FALSE
	EndGlobalSection
	GlobalSection(ExtensibilityGlobals) = postSolution
		SolutionGuid = {76277C81-87BF-499D-9A33-BD68C6C36275}
	EndGlobalSection
EndGlobal
